
Microsoft Visual Studio Solution File, Format Version 12.00
# Visual Studio Version 17
VisualStudioVersion = 17.6.33829.357
MinimumVisualStudioVersion = 10.0.40219.1
Project("{FAE04EC0-301F-11D3-BF4B-00C04F79EFBC}") = "dotNet6_Mvc_Crud_App", "dotNet6_Mvc_Crud_App\dotNet6_Mvc_Crud_App.csproj", "{72288EFF-820F-4A80-AFF7-7E9C5AFC957A}"
EndProject
Global
	GlobalSection(SolutionConfigurationPlatforms) = preSolution
		Debug|Any CPU = Debug|Any CPU
		Release|Any CPU = Release|Any CPU
	EndGlobalSection
	GlobalSection(ProjectConfigurationPlatforms) = postSolution
		{72288EFF-820F-4A80-AFF7-7E9C5AFC957A}.Debug|Any CPU.ActiveCfg = Debug|Any CPU
		{72288EFF-820F-4A80-AFF7-7E9C5AFC957A}.Debug|Any CPU.Build.0 = Debug|Any CPU
		{72288EFF-820F-4A80-AFF7-7E9C5AFC957A}.Release|Any CPU.ActiveCfg = Release|Any CPU
		{72288EFF-820F-4A80-AFF7-7E9C5AFC957A}.Release|Any CPU.Build.0 = Release|Any CPU
	EndGlobalSection
	GlobalSection(SolutionProperties) = preSolution
		HideSolutionNode = FALSE
	EndGlobalSection
	GlobalSection(ExtensibilityGlobals) = postSolution
		SolutionGuid = {CE190B89-9ACE-44E3-A0D5-C4D7A1FC1FBA}
	EndGlobalSection
EndGlobal
